<?xml version="1.0" encoding="utf-8"?>
<Project ToolsVersion="17.0" xmlns="http://schemas.microsoft.com/developer/msbuild/2003">
  <ItemGroup>
    <ClCompile Include="C:\Users\Owner\Mod_Robots\pathfinder\LocateAndFree_main.cpp">
      <Filter>Source Files</Filter>
    </ClCompile>
    <ClCompile Include="C:\Users\Owner\Mod_Robots\pathfinder\modules\ModuleManager.cpp">
      <Filter>Source Files</Filter>
    </ClCompile>
    <ClCompile Include="C:\Users\Owner\Mod_Robots\pathfinder\moves\MoveManager.cpp">
      <Filter>Source Files</Filter>
    </ClCompile>
    <ClCompile Include="C:\Users\Owner\Mod_Robots\pathfinder\lattice\Lattice.cpp">
      <Filter>Source Files</Filter>
    </ClCompile>
    <ClCompile Include="C:\Users\Owner\Mod_Robots\pathfinder\lattice\LatticeSetup.cpp">
      <Filter>Source Files</Filter>
    </ClCompile>
    <ClCompile Include="C:\Users\Owner\Mod_Robots\pathfinder\moves\Scenario.cpp">
      <Filter>Source Files</Filter>
    </ClCompile>
    <ClCompile Include="C:\Users\Owner\Mod_Robots\pathfinder\search\ConfigurationSpace.cpp">
      <Filter>Source Files</Filter>
    </ClCompile>
    <ClCompile Include="C:\Users\Owner\Mod_Robots\pathfinder\search\SearchAnalysis.cpp">
      <Filter>Source Files</Filter>
    </ClCompile>
    <ClCompile Include="C:\Users\Owner\Mod_Robots\pathfinder\moves\Isometry.cpp">
      <Filter>Source Files</Filter>
    </ClCompile>
    <ClCompile Include="C:\Users\Owner\Mod_Robots\pathfinder\search\HeuristicCache.cpp">
      <Filter>Source Files</Filter>
    </ClCompile>
    <ClCompile Include="C:\Users\Owner\Mod_Robots\pathfinder\utility\color_util.cpp">
      <Filter>Source Files</Filter>
    </ClCompile>
  </ItemGroup>
  <ItemGroup>
    <ClInclude Include="C:\Users\Owner\Mod_Robots\pathfinder\utility\debug_util.h">
      <Filter>Header Files</Filter>
    </ClInclude>
    <ClInclude Include="C:\Users\Owner\Mod_Robots\pathfinder\modules\ModuleManager.h">
      <Filter>Header Files</Filter>
    </ClInclude>
    <ClInclude Include="C:\Users\Owner\Mod_Robots\pathfinder\moves\MoveManager.h">
      <Filter>Header Files</Filter>
    </ClInclude>
    <ClInclude Include="C:\Users\Owner\Mod_Robots\pathfinder\lattice\Lattice.h">
      <Filter>Header Files</Filter>
    </ClInclude>
    <ClInclude Include="C:\Users\Owner\Mod_Robots\pathfinder\lattice\LatticeSetup.h">
      <Filter>Header Files</Filter>
    </ClInclude>
    <ClInclude Include="C:\Users\Owner\Mod_Robots\pathfinder\moves\Scenario.h">
      <Filter>Header Files</Filter>
    </ClInclude>
    <ClInclude Include="C:\Users\Owner\Mod_Robots\pathfinder\search\ConfigurationSpace.h">
      <Filter>Header Files</Filter>
    </ClInclude>
    <ClInclude Include="C:\Users\Owner\Mod_Robots\pathfinder\search\SearchAnalysis.h">
      <Filter>Header Files</Filter>
    </ClInclude>
    <ClInclude Include="C:\Users\Owner\Mod_Robots\pathfinder\moves\Isometry.h">
      <Filter>Header Files</Filter>
    </ClInclude>
    <ClInclude Include="C:\Users\Owner\Mod_Robots\pathfinder\search\HeuristicCache.h">
      <Filter>Header Files</Filter>
    </ClInclude>
    <ClInclude Include="C:\Users\Owner\Mod_Robots\pathfinder\utility\color_util.h">
      <Filter>Header Files</Filter>
    </ClInclude>
  </ItemGroup>
  <ItemGroup>
    <CustomBuild Include="C:\Users\Owner\Mod_Robots\CMakeLists.txt" />
  </ItemGroup>
  <ItemGroup>
    <Filter Include="Header Files">
      <UniqueIdentifier>{C9BB72AA-F10B-3E7E-B19E-C5195694A6F3}</UniqueIdentifier>
    </Filter>
    <Filter Include="Source Files">
      <UniqueIdentifier>{39EBBA55-90F5-3C7A-9CD4-322CB5B60701}</UniqueIdentifier>
    </Filter>
  </ItemGroup>
</Project>
