
Microsoft Visual Studio Solution File, Format Version 12.00
# Visual Studio Version 17
Project("{2150E333-8FDC-42A3-9474-1A3956D46DE8}") = "CMakePredefinedTargets", "CMakePredefinedTargets", "{F48941CA-FD03-366F-8DB5-B0E519E3196B}"
EndProject
Project("{8BC9CEB8-8B4A-11D0-8D11-00A0C91BC942}") = "ALL_BUILD", "ALL_BUILD.vcxproj", "{B5003D72-0E7C-300B-BB2F-8DBD3173B768}"
	ProjectSection(ProjectDependencies) = postProject
		{AEE57D5B-9AF5-3265-9A09-3619A632E03E} = {AEE57D5B-9AF5-3265-9A09-3619A632E03E}
		{CC617D77-5474-3480-A4F7-006976ABCD7E} = {CC617D77-5474-3480-A4F7-006976ABCD7E}
		{51FAADB9-1715-3CF4-A798-3B0CF22B2D62} = {51FAADB9-1715-3CF4-A798-3B0CF22B2D62}
		{BC58000D-7746-311D-A985-39A9F2AD9D93} = {BC58000D-7746-311D-A985-39A9F2AD9D93}
		{B5E18083-4B6D-3FC5-A41E-C74082C764AF} = {B5E18083-4B6D-3FC5-A41E-C74082C764AF}
	EndProjectSection
EndProject
Project("{8BC9CEB8-8B4A-11D0-8D11-00A0C91BC942}") = "ColorPropertyLib", "ColorPropertyLib.vcxproj", "{AEE57D5B-9AF5-3265-9A09-3619A632E03E}"
	ProjectSection(ProjectDependencies) = postProject
		{BC58000D-7746-311D-A985-39A9F2AD9D93} = {BC58000D-7746-311D-A985-39A9F2AD9D93}
		{B5E18083-4B6D-3FC5-A41E-C74082C764AF} = {B5E18083-4B6D-3FC5-A41E-C74082C764AF}
		{7EF32400-584A-3F21-A553-542710D96EAA} = {7EF32400-584A-3F21-A553-542710D96EAA}
	EndProjectSection
EndProject
Project("{8BC9CEB8-8B4A-11D0-8D11-00A0C91BC942}") = "LocateAndFree", "LocateAndFree.vcxproj", "{CC617D77-5474-3480-A4F7-006976ABCD7E}"
	ProjectSection(ProjectDependencies) = postProject
		{BC58000D-7746-311D-A985-39A9F2AD9D93} = {BC58000D-7746-311D-A985-39A9F2AD9D93}
		{B5E18083-4B6D-3FC5-A41E-C74082C764AF} = {B5E18083-4B6D-3FC5-A41E-C74082C764AF}
	EndProjectSection
EndProject
Project("{8BC9CEB8-8B4A-11D0-8D11-00A0C91BC942}") = "OrientationPropertyLib", "OrientationPropertyLib.vcxproj", "{6E194218-05A6-37C4-B872-7AA9ECE926CE}"
	ProjectSection(ProjectDependencies) = postProject
		{BC58000D-7746-311D-A985-39A9F2AD9D93} = {BC58000D-7746-311D-A985-39A9F2AD9D93}
		{B5E18083-4B6D-3FC5-A41E-C74082C764AF} = {B5E18083-4B6D-3FC5-A41E-C74082C764AF}
	EndProjectSection
EndProject
Project("{8BC9CEB8-8B4A-11D0-8D11-00A0C91BC942}") = "Pathfinder", "Pathfinder.vcxproj", "{51FAADB9-1715-3CF4-A798-3B0CF22B2D62}"
	ProjectSection(ProjectDependencies) = postProject
		{BC58000D-7746-311D-A985-39A9F2AD9D93} = {BC58000D-7746-311D-A985-39A9F2AD9D93}
		{B5E18083-4B6D-3FC5-A41E-C74082C764AF} = {B5E18083-4B6D-3FC5-A41E-C74082C764AF}
		{1B7616B3-CC73-32B4-9861-9D795BE25F8C} = {1B7616B3-CC73-32B4-9861-9D795BE25F8C}
		{E3C2C1D6-5C00-36B9-8B61-FDA6844C2B3C} = {E3C2C1D6-5C00-36B9-8B61-FDA6844C2B3C}
		{7EF32400-584A-3F21-A553-542710D96EAA} = {7EF32400-584A-3F21-A553-542710D96EAA}
	EndProjectSection
EndProject
Project("{8BC9CEB8-8B4A-11D0-8D11-00A0C91BC942}") = "PropertyLib", "PropertyLib.vcxproj", "{BC58000D-7746-311D-A985-39A9F2AD9D93}"
	ProjectSection(ProjectDependencies) = postProject
		{B5E18083-4B6D-3FC5-A41E-C74082C764AF} = {B5E18083-4B6D-3FC5-A41E-C74082C764AF}
	EndProjectSection
EndProject
Project("{8BC9CEB8-8B4A-11D0-8D11-00A0C91BC942}") = "ZERO_CHECK", "ZERO_CHECK.vcxproj", "{B5E18083-4B6D-3FC5-A41E-C74082C764AF}"
	ProjectSection(ProjectDependencies) = postProject
	EndProjectSection
EndProject
Project("{8BC9CEB8-8B4A-11D0-8D11-00A0C91BC942}") = "copy_examples", "copy_examples.vcxproj", "{1B7616B3-CC73-32B4-9861-9D795BE25F8C}"
	ProjectSection(ProjectDependencies) = postProject
		{B5E18083-4B6D-3FC5-A41E-C74082C764AF} = {B5E18083-4B6D-3FC5-A41E-C74082C764AF}
	EndProjectSection
EndProject
Project("{8BC9CEB8-8B4A-11D0-8D11-00A0C91BC942}") = "copy_moves", "copy_moves.vcxproj", "{E3C2C1D6-5C00-36B9-8B61-FDA6844C2B3C}"
	ProjectSection(ProjectDependencies) = postProject
		{B5E18083-4B6D-3FC5-A41E-C74082C764AF} = {B5E18083-4B6D-3FC5-A41E-C74082C764AF}
	EndProjectSection
EndProject
Project("{8BC9CEB8-8B4A-11D0-8D11-00A0C91BC942}") = "copy_properties", "copy_properties.vcxproj", "{7EF32400-584A-3F21-A553-542710D96EAA}"
	ProjectSection(ProjectDependencies) = postProject
		{B5E18083-4B6D-3FC5-A41E-C74082C764AF} = {B5E18083-4B6D-3FC5-A41E-C74082C764AF}
	EndProjectSection
EndProject
Project("{8BC9CEB8-8B4A-11D0-8D11-00A0C91BC942}") = "copy_resources", "copy_resources.vcxproj", "{54A6EA37-470C-3954-868D-7CEDE710A0CE}"
	ProjectSection(ProjectDependencies) = postProject
		{B5E18083-4B6D-3FC5-A41E-C74082C764AF} = {B5E18083-4B6D-3FC5-A41E-C74082C764AF}
	EndProjectSection
EndProject
Global
	GlobalSection(SolutionConfigurationPlatforms) = preSolution
		Debug|x64 = Debug|x64
		Release|x64 = Release|x64
		MinSizeRel|x64 = MinSizeRel|x64
		RelWithDebInfo|x64 = RelWithDebInfo|x64
	EndGlobalSection
	GlobalSection(ProjectConfigurationPlatforms) = postSolution
		{B5003D72-0E7C-300B-BB2F-8DBD3173B768}.Debug|x64.ActiveCfg = Debug|x64
		{B5003D72-0E7C-300B-BB2F-8DBD3173B768}.Release|x64.ActiveCfg = Release|x64
		{B5003D72-0E7C-300B-BB2F-8DBD3173B768}.MinSizeRel|x64.ActiveCfg = MinSizeRel|x64
		{B5003D72-0E7C-300B-BB2F-8DBD3173B768}.RelWithDebInfo|x64.ActiveCfg = RelWithDebInfo|x64
		{AEE57D5B-9AF5-3265-9A09-3619A632E03E}.Debug|x64.ActiveCfg = Debug|x64
		{AEE57D5B-9AF5-3265-9A09-3619A632E03E}.Debug|x64.Build.0 = Debug|x64
		{AEE57D5B-9AF5-3265-9A09-3619A632E03E}.Release|x64.ActiveCfg = Release|x64
		{AEE57D5B-9AF5-3265-9A09-3619A632E03E}.Release|x64.Build.0 = Release|x64
		{AEE57D5B-9AF5-3265-9A09-3619A632E03E}.MinSizeRel|x64.ActiveCfg = MinSizeRel|x64
		{AEE57D5B-9AF5-3265-9A09-3619A632E03E}.MinSizeRel|x64.Build.0 = MinSizeRel|x64
		{AEE57D5B-9AF5-3265-9A09-3619A632E03E}.RelWithDebInfo|x64.ActiveCfg = RelWithDebInfo|x64
		{AEE57D5B-9AF5-3265-9A09-3619A632E03E}.RelWithDebInfo|x64.Build.0 = RelWithDebInfo|x64
		{CC617D77-5474-3480-A4F7-006976ABCD7E}.Debug|x64.ActiveCfg = Debug|x64
		{CC617D77-5474-3480-A4F7-006976ABCD7E}.Debug|x64.Build.0 = Debug|x64
		{CC617D77-5474-3480-A4F7-006976ABCD7E}.Release|x64.ActiveCfg = Release|x64
		{CC617D77-5474-3480-A4F7-006976ABCD7E}.Release|x64.Build.0 = Release|x64
		{CC617D77-5474-3480-A4F7-006976ABCD7E}.MinSizeRel|x64.ActiveCfg = MinSizeRel|x64
		{CC617D77-5474-3480-A4F7-006976ABCD7E}.MinSizeRel|x64.Build.0 = MinSizeRel|x64
		{CC617D77-5474-3480-A4F7-006976ABCD7E}.RelWithDebInfo|x64.ActiveCfg = RelWithDebInfo|x64
		{CC617D77-5474-3480-A4F7-006976ABCD7E}.RelWithDebInfo|x64.Build.0 = RelWithDebInfo|x64
		{6E194218-05A6-37C4-B872-7AA9ECE926CE}.Debug|x64.ActiveCfg = Debug|x64
		{6E194218-05A6-37C4-B872-7AA9ECE926CE}.Debug|x64.Build.0 = Debug|x64
		{6E194218-05A6-37C4-B872-7AA9ECE926CE}.Release|x64.ActiveCfg = Release|x64
		{6E194218-05A6-37C4-B872-7AA9ECE926CE}.Release|x64.Build.0 = Release|x64
		{6E194218-05A6-37C4-B872-7AA9ECE926CE}.MinSizeRel|x64.ActiveCfg = MinSizeRel|x64
		{6E194218-05A6-37C4-B872-7AA9ECE926CE}.MinSizeRel|x64.Build.0 = MinSizeRel|x64
		{6E194218-05A6-37C4-B872-7AA9ECE926CE}.RelWithDebInfo|x64.ActiveCfg = RelWithDebInfo|x64
		{6E194218-05A6-37C4-B872-7AA9ECE926CE}.RelWithDebInfo|x64.Build.0 = RelWithDebInfo|x64
		{51FAADB9-1715-3CF4-A798-3B0CF22B2D62}.Debug|x64.ActiveCfg = Debug|x64
		{51FAADB9-1715-3CF4-A798-3B0CF22B2D62}.Debug|x64.Build.0 = Debug|x64
		{51FAADB9-1715-3CF4-A798-3B0CF22B2D62}.Release|x64.ActiveCfg = Release|x64
		{51FAADB9-1715-3CF4-A798-3B0CF22B2D62}.Release|x64.Build.0 = Release|x64
		{51FAADB9-1715-3CF4-A798-3B0CF22B2D62}.MinSizeRel|x64.ActiveCfg = MinSizeRel|x64
		{51FAADB9-1715-3CF4-A798-3B0CF22B2D62}.MinSizeRel|x64.Build.0 = MinSizeRel|x64
		{51FAADB9-1715-3CF4-A798-3B0CF22B2D62}.RelWithDebInfo|x64.ActiveCfg = RelWithDebInfo|x64
		{51FAADB9-1715-3CF4-A798-3B0CF22B2D62}.RelWithDebInfo|x64.Build.0 = RelWithDebInfo|x64
		{BC58000D-7746-311D-A985-39A9F2AD9D93}.Debug|x64.ActiveCfg = Debug|x64
		{BC58000D-7746-311D-A985-39A9F2AD9D93}.Debug|x64.Build.0 = Debug|x64
		{BC58000D-7746-311D-A985-39A9F2AD9D93}.Release|x64.ActiveCfg = Release|x64
		{BC58000D-7746-311D-A985-39A9F2AD9D93}.Release|x64.Build.0 = Release|x64
		{BC58000D-7746-311D-A985-39A9F2AD9D93}.MinSizeRel|x64.ActiveCfg = MinSizeRel|x64
		{BC58000D-7746-311D-A985-39A9F2AD9D93}.MinSizeRel|x64.Build.0 = MinSizeRel|x64
		{BC58000D-7746-311D-A985-39A9F2AD9D93}.RelWithDebInfo|x64.ActiveCfg = RelWithDebInfo|x64
		{BC58000D-7746-311D-A985-39A9F2AD9D93}.RelWithDebInfo|x64.Build.0 = RelWithDebInfo|x64
		{B5E18083-4B6D-3FC5-A41E-C74082C764AF}.Debug|x64.ActiveCfg = Debug|x64
		{B5E18083-4B6D-3FC5-A41E-C74082C764AF}.Debug|x64.Build.0 = Debug|x64
		{B5E18083-4B6D-3FC5-A41E-C74082C764AF}.Release|x64.ActiveCfg = Release|x64
		{B5E18083-4B6D-3FC5-A41E-C74082C764AF}.Release|x64.Build.0 = Release|x64
		{B5E18083-4B6D-3FC5-A41E-C74082C764AF}.MinSizeRel|x64.ActiveCfg = MinSizeRel|x64
		{B5E18083-4B6D-3FC5-A41E-C74082C764AF}.MinSizeRel|x64.Build.0 = MinSizeRel|x64
		{B5E18083-4B6D-3FC5-A41E-C74082C764AF}.RelWithDebInfo|x64.ActiveCfg = RelWithDebInfo|x64
		{B5E18083-4B6D-3FC5-A41E-C74082C764AF}.RelWithDebInfo|x64.Build.0 = RelWithDebInfo|x64
		{1B7616B3-CC73-32B4-9861-9D795BE25F8C}.Debug|x64.ActiveCfg = Debug|x64
		{1B7616B3-CC73-32B4-9861-9D795BE25F8C}.Debug|x64.Build.0 = Debug|x64
		{1B7616B3-CC73-32B4-9861-9D795BE25F8C}.Release|x64.ActiveCfg = Release|x64
		{1B7616B3-CC73-32B4-9861-9D795BE25F8C}.Release|x64.Build.0 = Release|x64
		{1B7616B3-CC73-32B4-9861-9D795BE25F8C}.MinSizeRel|x64.ActiveCfg = MinSizeRel|x64
		{1B7616B3-CC73-32B4-9861-9D795BE25F8C}.MinSizeRel|x64.Build.0 = MinSizeRel|x64
		{1B7616B3-CC73-32B4-9861-9D795BE25F8C}.RelWithDebInfo|x64.ActiveCfg = RelWithDebInfo|x64
		{1B7616B3-CC73-32B4-9861-9D795BE25F8C}.RelWithDebInfo|x64.Build.0 = RelWithDebInfo|x64
		{E3C2C1D6-5C00-36B9-8B61-FDA6844C2B3C}.Debug|x64.ActiveCfg = Debug|x64
		{E3C2C1D6-5C00-36B9-8B61-FDA6844C2B3C}.Debug|x64.Build.0 = Debug|x64
		{E3C2C1D6-5C00-36B9-8B61-FDA6844C2B3C}.Release|x64.ActiveCfg = Release|x64
		{E3C2C1D6-5C00-36B9-8B61-FDA6844C2B3C}.Release|x64.Build.0 = Release|x64
		{E3C2C1D6-5C00-36B9-8B61-FDA6844C2B3C}.MinSizeRel|x64.ActiveCfg = MinSizeRel|x64
		{E3C2C1D6-5C00-36B9-8B61-FDA6844C2B3C}.MinSizeRel|x64.Build.0 = MinSizeRel|x64
		{E3C2C1D6-5C00-36B9-8B61-FDA6844C2B3C}.RelWithDebInfo|x64.ActiveCfg = RelWithDebInfo|x64
		{E3C2C1D6-5C00-36B9-8B61-FDA6844C2B3C}.RelWithDebInfo|x64.Build.0 = RelWithDebInfo|x64
		{7EF32400-584A-3F21-A553-542710D96EAA}.Debug|x64.ActiveCfg = Debug|x64
		{7EF32400-584A-3F21-A553-542710D96EAA}.Debug|x64.Build.0 = Debug|x64
		{7EF32400-584A-3F21-A553-542710D96EAA}.Release|x64.ActiveCfg = Release|x64
		{7EF32400-584A-3F21-A553-542710D96EAA}.Release|x64.Build.0 = Release|x64
		{7EF32400-584A-3F21-A553-542710D96EAA}.MinSizeRel|x64.ActiveCfg = MinSizeRel|x64
		{7EF32400-584A-3F21-A553-542710D96EAA}.MinSizeRel|x64.Build.0 = MinSizeRel|x64
		{7EF32400-584A-3F21-A553-542710D96EAA}.RelWithDebInfo|x64.ActiveCfg = RelWithDebInfo|x64
		{7EF32400-584A-3F21-A553-542710D96EAA}.RelWithDebInfo|x64.Build.0 = RelWithDebInfo|x64
		{54A6EA37-470C-3954-868D-7CEDE710A0CE}.Debug|x64.ActiveCfg = Debug|x64
		{54A6EA37-470C-3954-868D-7CEDE710A0CE}.Release|x64.ActiveCfg = Release|x64
		{54A6EA37-470C-3954-868D-7CEDE710A0CE}.MinSizeRel|x64.ActiveCfg = MinSizeRel|x64
		{54A6EA37-470C-3954-868D-7CEDE710A0CE}.RelWithDebInfo|x64.ActiveCfg = RelWithDebInfo|x64
	EndGlobalSection
	GlobalSection(NestedProjects) = preSolution
		{B5003D72-0E7C-300B-BB2F-8DBD3173B768} = {F48941CA-FD03-366F-8DB5-B0E519E3196B}
		{B5E18083-4B6D-3FC5-A41E-C74082C764AF} = {F48941CA-FD03-366F-8DB5-B0E519E3196B}
	EndGlobalSection
	GlobalSection(ExtensibilityGlobals) = postSolution
		SolutionGuid = {99C34DF2-F4CD-3742-86C5-0FB2A6C2FB41}
	EndGlobalSection
	GlobalSection(ExtensibilityAddIns) = postSolution
	EndGlobalSection
EndGlobal
