<?xml version="1.0" encoding="utf-8"?>
<Project ToolsVersion="17.0" xmlns="http://schemas.microsoft.com/developer/msbuild/2003">
  <ItemGroup>
    <CustomBuild Include="C:\Users\Owner\Mod_Robots\cmake-free\CMakeFiles\9d3fee5c7ca52527ef5ce3db2d36a4d9\generate.stamp.rule">
      <Filter>CMake Rules</Filter>
    </CustomBuild>
  </ItemGroup>
  <ItemGroup>
    <Filter Include="CMake Rules">
      <UniqueIdentifier>{E6CE4229-3CE5-379E-A4F9-9B45344AEF0B}</UniqueIdentifier>
    </Filter>
  </ItemGroup>
</Project>
